
Microsoft Visual Studio Solution File, Format Version 12.00
# Visual Studio Version 16
VisualStudioVersion = 16.0.29215.179
MinimumVisualStudioVersion = 10.0.40219.1
Project("{FAE04EC0-301F-11D3-BF4B-00C04F79EFBC}") = "Parrcial1-AP", "Parrcial1-AP\Parrcial1-AP.csproj", "{A6BEA009-DD11-4DE2-956F-EF60C98A66F0}"
EndProject
Project("{FAE04EC0-301F-11D3-BF4B-00C04F79EFBC}") = "Parrcial1-APTests3", "Parrcial1-APTests3\Parrcial1-APTests3.csproj", "{567E1B01-CFF7-4E30-887F-6B8F5F5E0E49}"
EndProject
Global
	GlobalSection(SolutionConfigurationPlatforms) = preSolution
		Debug|Any CPU = Debug|Any CPU
		Release|Any CPU = Release|Any CPU
	EndGlobalSection
	GlobalSection(ProjectConfigurationPlatforms) = postSolution
		{A6BEA009-DD11-4DE2-956F-EF60C98A66F0}.Debug|Any CPU.ActiveCfg = Debug|Any CPU
		{A6BEA009-DD11-4DE2-956F-EF60C98A66F0}.Debug|Any CPU.Build.0 = Debug|Any CPU
		{A6BEA009-DD11-4DE2-956F-EF60C98A66F0}.Release|Any CPU.ActiveCfg = Release|Any CPU
		{A6BEA009-DD11-4DE2-956F-EF60C98A66F0}.Release|Any CPU.Build.0 = Release|Any CPU
		{567E1B01-CFF7-4E30-887F-6B8F5F5E0E49}.Debug|Any CPU.ActiveCfg = Debug|Any CPU
		{567E1B01-CFF7-4E30-887F-6B8F5F5E0E49}.Debug|Any CPU.Build.0 = Debug|Any CPU
		{567E1B01-CFF7-4E30-887F-6B8F5F5E0E49}.Release|Any CPU.ActiveCfg = Release|Any CPU
		{567E1B01-CFF7-4E30-887F-6B8F5F5E0E49}.Release|Any CPU.Build.0 = Release|Any CPU
	EndGlobalSection
	GlobalSection(SolutionProperties) = preSolution
		HideSolutionNode = FALSE
	EndGlobalSection
	GlobalSection(ExtensibilityGlobals) = postSolution
		SolutionGuid = {ED7151B5-85C7-4EB3-8175-292B8EC2C455}
	EndGlobalSection
EndGlobal
